# This file is automatically @generated by Cargo.
# It is not intended for manual editing.
version = 4

[[package]]
name = "restaurant"
version = "0.1.0"
source = "git+https://github.com/RobertoCoutinho/restaurant#5be1015934c8c23dca64b9bf06a6714d63fe8e30"

[[package]]
name = "use_restaurant"
version = "0.1.0"
dependencies = [
 "restaurant",
]
